# THIS IS AN AUTOGENERATED FILE. DO NOT EDIT THIS FILE DIRECTLY.
# yarn lockfile v1


"@actions/core@^1.2.2":
  version "1.2.2"
  resolved "https://registry.yarnpkg.com/@actions/core/-/core-1.2.2.tgz#3c4848d50378f9e3bcb67bcf97813382ec7369ee"

pixdiff-zone@^2.2.4-alpha.0:
  version "2.2.4-alpha.0"
  resolved "https://registry.yarnpkg.com/pixdiff-zone/-/pixdiff-zone-2.2.4-alpha.0.tgz#2134e5edad5cc67794dd2aa65009739dc6dd3b29"

test-crawler-apply@^2.2.4-alpha.1:
  version "2.2.4-alpha.1"
  resolved "https://registry.yarnpkg.com/test-crawler-apply/-/test-crawler-apply-2.2.4-alpha.1.tgz#e0d793aaff9630762785ff778042d400bfaa3d69"
  dependencies:
    pixdiff-zone "^2.2.4-alpha.0"
